
Microsoft Visual Studio Solution File, Format Version 12.00
# Visual Studio Version 16
VisualStudioVersion = 16.0.31112.23
MinimumVisualStudioVersion = 10.0.40219.1
Project("{FAE04EC0-301F-11D3-BF4B-00C04F79EFBC}") = "zadanie12-2", "zadanie12-2.csproj", "{9051621A-22BF-4A90-9578-3E29BEBBB1B7}"
EndProject
Global
	GlobalSection(SolutionConfigurationPlatforms) = preSolution
		Debug|Any CPU = Debug|Any CPU
		Release|Any CPU = Release|Any CPU
	EndGlobalSection
	GlobalSection(ProjectConfigurationPlatforms) = postSolution
		{9051621A-22BF-4A90-9578-3E29BEBBB1B7}.Debug|Any CPU.ActiveCfg = Debug|Any CPU
		{9051621A-22BF-4A90-9578-3E29BEBBB1B7}.Debug|Any CPU.Build.0 = Debug|Any CPU
		{9051621A-22BF-4A90-9578-3E29BEBBB1B7}.Release|Any CPU.ActiveCfg = Release|Any CPU
		{9051621A-22BF-4A90-9578-3E29BEBBB1B7}.Release|Any CPU.Build.0 = Release|Any CPU
	EndGlobalSection
	GlobalSection(SolutionProperties) = preSolution
		HideSolutionNode = FALSE
	EndGlobalSection
	GlobalSection(ExtensibilityGlobals) = postSolution
		SolutionGuid = {AEA8AF1C-8549-4BF9-8606-C25302F21A1F}
	EndGlobalSection
EndGlobal
